// !$*UTF8*$!
{
	archiveVersion = 1;
	classes = {
	};
	objectVersion = 56;
	objects = {

/* Begin PBXBuildFile section */
		E18873192B154EE200CAFBD0 /* herplistappApp.swift in Sources */ = {isa = PBXBuildFile; fileRef = E18873182B154EE200CAFBD0 /* herplistappApp.swift */; };
		E188731B2B154EE200CAFBD0 /* ContentView.swift in Sources */ = {isa = PBXBuildFile; fileRef = E188731A2B154EE200CAFBD0 /* ContentView.swift */; };
		E188731D2B154EE500CAFBD0 /* Assets.xcassets in Resources */ = {isa = PBXBuildFile; fileRef = E188731C2B154EE500CAFBD0 /* Assets.xcassets */; };
		E18873212B154EE500CAFBD0 /* Preview Assets.xcassets in Resources */ = {isa = PBXBuildFile; fileRef = E18873202B154EE500CAFBD0 /* Preview Assets.xcassets */; };
		E188732B2B154EE500CAFBD0 /* herplistappTests.swift in Sources */ = {isa = PBXBuildFile; fileRef = E188732A2B154EE500CAFBD0 /* herplistappTests.swift */; };
		E18873352B154EE500CAFBD0 /* herplistappUITests.swift in Sources */ = {isa = PBXBuildFile; fileRef = E18873342B154EE500CAFBD0 /* herplistappUITests.swift */; };
		E18873372B154EE500CAFBD0 /* herplistappUITestsLaunchTests.swift in Sources */ = {isa = PBXBuildFile; fileRef = E18873362B154EE500CAFBD0 /* herplistappUITestsLaunchTests.swift */; };
/* End PBXBuildFile section */

/* Begin PBXContainerItemProxy section */
		E18873272B154EE500CAFBD0 /* PBXContainerItemProxy */ = {
			isa = PBXContainerItemProxy;
			containerPortal = E188730D2B154EE100CAFBD0 /* Project object */;
			proxyType = 1;
			remoteGlobalIDString = E18873142B154EE100CAFBD0;
			remoteInfo = herplistapp;
		};
		E18873312B154EE500CAFBD0 /* PBXContainerItemProxy */ = {
			isa = PBXContainerItemProxy;
			containerPortal = E188730D2B154EE100CAFBD0 /* Project object */;
			proxyType = 1;
			remoteGlobalIDString = E18873142B154EE100CAFBD0;
			remoteInfo = herplistapp;
		};
/* End PBXContainerItemProxy section */

/* Begin PBXFileReference section */
		E18873152B154EE100CAFBD0 /* herplistapp.app */ = {isa = PBXFileReference; explicitFileType = wrapper.application; includeInIndex = 0; path = herplistapp.app; sourceTree = BUILT_PRODUCTS_DIR; };
		E18873182B154EE200CAFBD0 /* herplistappApp.swift */ = {isa = PBXFileReference; lastKnownFileType = sourcecode.swift; path = herplistappApp.swift; sourceTree = "<group>"; };
		E188731A2B154EE200CAFBD0 /* ContentView.swift */ = {isa = PBXFileReference; lastKnownFileType = sourcecode.swift; path = ContentView.swift; sourceTree = "<group>"; };
		E188731C2B154EE500CAFBD0 /* Assets.xcassets */ = {isa = PBXFileReference; lastKnownFileType = folder.assetcatalog; path = Assets.xcassets; sourceTree = "<group>"; };
		E188731E2B154EE500CAFBD0 /* herplistapp.entitlements */ = {isa = PBXFileReference; lastKnownFileType = text.plist.entitlements; path = herplistapp.entitlements; sourceTree = "<group>"; };
		E18873202B154EE500CAFBD0 /* Preview Assets.xcassets */ = {isa = PBXFileReference; lastKnownFileType = folder.assetcatalog; path = "Preview Assets.xcassets"; sourceTree = "<group>"; };
		E18873262B154EE500CAFBD0 /* herplistappTests.xctest */ = {isa = PBXFileReference; explicitFileType = wrapper.cfbundle; includeInIndex = 0; path = herplistappTests.xctest; sourceTree = BUILT_PRODUCTS_DIR; };
		E188732A2B154EE500CAFBD0 /* herplistappTests.swift */ = {isa = PBXFileReference; lastKnownFileType = sourcecode.swift; path = herplistappTests.swift; sourceTree = "<group>"; };
		E18873302B154EE500CAFBD0 /* herplistappUITests.xctest */ = {isa = PBXFileReference; explicitFileType = wrapper.cfbundle; includeInIndex = 0; path = herplistappUITests.xctest; sourceTree = BUILT_PRODUCTS_DIR; };
		E18873342B154EE500CAFBD0 /* herplistappUITests.swift */ = {isa = PBXFileReference; lastKnownFileType = sourcecode.swift; path = herplistappUITests.swift; sourceTree = "<group>"; };
		E18873362B154EE500CAFBD0 /* herplistappUITestsLaunchTests.swift */ = {isa = PBXFileReference; lastKnownFileType = sourcecode.swift; path = herplistappUITestsLaunchTests.swift; sourceTree = "<group>"; };
/* End PBXFileReference section */

/* Begin PBXFrameworksBuildPhase section */
		E18873122B154EE100CAFBD0 /* Frameworks */ = {
			isa = PBXFrameworksBuildPhase;
			buildActionMask = 2147483647;
			files = (
			);
			runOnlyForDeploymentPostprocessing = 0;
		};
		E18873232B154EE500CAFBD0 /* Frameworks */ = {
			isa = PBXFrameworksBuildPhase;
			buildActionMask = 2147483647;
			files = (
			);
			runOnlyForDeploymentPostprocessing = 0;
		};
		E188732D2B154EE500CAFBD0 /* Frameworks */ = {
			isa = PBXFrameworksBuildPhase;
			buildActionMask = 2147483647;
			files = (
			);
			runOnlyForDeploymentPostprocessing = 0;
		};
/* End PBXFrameworksBuildPhase section */

/* Begin PBXGroup section */
		E188730C2B154EE100CAFBD0 = {
			isa = PBXGroup;
			children = (
				E18873172B154EE100CAFBD0 /* herplistapp */,
				E18873292B154EE500CAFBD0 /* herplistappTests */,
				E18873332B154EE500CAFBD0 /* herplistappUITests */,
				E18873162B154EE100CAFBD0 /* Products */,
			);
			sourceTree = "<group>";
		};
		E18873162B154EE100CAFBD0 /* Products */ = {
			isa = PBXGroup;
			children = (
				E18873152B154EE100CAFBD0 /* herplistapp.app */,
				E18873262B154EE500CAFBD0 /* herplistappTests.xctest */,
				E18873302B154EE500CAFBD0 /* herplistappUITests.xctest */,
			);
			name = Products;
			sourceTree = "<group>";
		};
		E18873172B154EE100CAFBD0 /* herplistapp */ = {
			isa = PBXGroup;
			children = (
				E18873182B154EE200CAFBD0 /* herplistappApp.swift */,
				E188731A2B154EE200CAFBD0 /* ContentView.swift */,
				E188731C2B154EE500CAFBD0 /* Assets.xcassets */,
				E188731E2B154EE500CAFBD0 /* herplistapp.entitlements */,
				E188731F2B154EE500CAFBD0 /* Preview Content */,
			);
			path = herplistapp;
			sourceTree = "<group>";
		};
		E188731F2B154EE500CAFBD0 /* Preview Content */ = {
			isa = PBXGroup;
			children = (
				E18873202B154EE500CAFBD0 /* Preview Assets.xcassets */,
			);
			path = "Preview Content";
			sourceTree = "<group>";
		};
		E18873292B154EE500CAFBD0 /* herplistappTests */ = {
			isa = PBXGroup;
			children = (
				E188732A2B154EE500CAFBD0 /* herplistappTests.swift */,
			);
			path = herplistappTests;
			sourceTree = "<group>";
		};
		E18873332B154EE500CAFBD0 /* herplistappUITests */ = {
			isa = PBXGroup;
			children = (
				E18873342B154EE500CAFBD0 /* herplistappUITests.swift */,
				E18873362B154EE500CAFBD0 /* herplistappUITestsLaunchTests.swift */,
			);
			path = herplistappUITests;
			sourceTree = "<group>";
		};
/* End PBXGroup section */

/* Begin PBXNativeTarget section */
		E18873142B154EE100CAFBD0 /* herplistapp */ = {
			isa = PBXNativeTarget;
			buildConfigurationList = E188733A2B154EE500CAFBD0 /* Build configuration list for PBXNativeTarget "herplistapp" */;
			buildPhases = (
				E18873112B154EE100CAFBD0 /* Sources */,
				E18873122B154EE100CAFBD0 /* Frameworks */,
				E18873132B154EE100CAFBD0 /* Resources */,
			);
			buildRules = (
			);
			dependencies = (
			);
			name = herplistapp;
			productName = herplistapp;
			productReference = E18873152B154EE100CAFBD0 /* herplistapp.app */;
			productType = "com.apple.product-type.application";
		};
		E18873252B154EE500CAFBD0 /* herplistappTests */ = {
			isa = PBXNativeTarget;
			buildConfigurationList = E188733D2B154EE500CAFBD0 /* Build configuration list for PBXNativeTarget "herplistappTests" */;
			buildPhases = (
				E18873222B154EE500CAFBD0 /* Sources */,
				E18873232B154EE500CAFBD0 /* Frameworks */,
				E18873242B154EE500CAFBD0 /* Resources */,
			);
			buildRules = (
			);
			dependencies = (
				E18873282B154EE500CAFBD0 /* PBXTargetDependency */,
			);
			name = herplistappTests;
			productName = herplistappTests;
			productReference = E18873262B154EE500CAFBD0 /* herplistappTests.xctest */;
			productType = "com.apple.product-type.bundle.unit-test";
		};
		E188732F2B154EE500CAFBD0 /* herplistappUITests */ = {
			isa = PBXNativeTarget;
			buildConfigurationList = E18873402B154EE500CAFBD0 /* Build configuration list for PBXNativeTarget "herplistappUITests" */;
			buildPhases = (
				E188732C2B154EE500CAFBD0 /* Sources */,
				E188732D2B154EE500CAFBD0 /* Frameworks */,
				E188732E2B154EE500CAFBD0 /* Resources */,
			);
			buildRules = (
			);
			dependencies = (
				E18873322B154EE500CAFBD0 /* PBXTargetDependency */,
			);
			name = herplistappUITests;
			productName = herplistappUITests;
			productReference = E18873302B154EE500CAFBD0 /* herplistappUITests.xctest */;
			productType = "com.apple.product-type.bundle.ui-testing";
		};
/* End PBXNativeTarget section */

/* Begin PBXProject section */
		E188730D2B154EE100CAFBD0 /* Project object */ = {
			isa = PBXProject;
			attributes = {
				BuildIndependentTargetsInParallel = 1;
				LastSwiftUpdateCheck = 1500;
				LastUpgradeCheck = 1500;
				TargetAttributes = {
					E18873142B154EE100CAFBD0 = {
						CreatedOnToolsVersion = 15.0.1;
					};
					E18873252B154EE500CAFBD0 = {
						CreatedOnToolsVersion = 15.0.1;
						TestTargetID = E18873142B154EE100CAFBD0;
					};
					E188732F2B154EE500CAFBD0 = {
						CreatedOnToolsVersion = 15.0.1;
						TestTargetID = E18873142B154EE100CAFBD0;
					};
				};
			};
			buildConfigurationList = E18873102B154EE100CAFBD0 /* Build configuration list for PBXProject "herplistapp" */;
			compatibilityVersion = "Xcode 14.0";
			developmentRegion = en;
			hasScannedForEncodings = 0;
			knownRegions = (
				en,
				Base,
			);
			mainGroup = E188730C2B154EE100CAFBD0;
			productRefGroup = E18873162B154EE100CAFBD0 /* Products */;
			projectDirPath = "";
			projectRoot = "";
			targets = (
				E18873142B154EE100CAFBD0 /* herplistapp */,
				E18873252B154EE500CAFBD0 /* herplistappTests */,
				E188732F2B154EE500CAFBD0 /* herplistappUITests */,
			);
		};
/* End PBXProject section */

/* Begin PBXResourcesBuildPhase section */
		E18873132B154EE100CAFBD0 /* Resources */ = {
			isa = PBXResourcesBuildPhase;
			buildActionMask = 2147483647;
			files = (
				E18873212B154EE500CAFBD0 /* Preview Assets.xcassets in Resources */,
				E188731D2B154EE500CAFBD0 /* Assets.xcassets in Resources */,
			);
			runOnlyForDeploymentPostprocessing = 0;
		};
		E18873242B154EE500CAFBD0 /* Resources */ = {
			isa = PBXResourcesBuildPhase;
			buildActionMask = 2147483647;
			files = (
			);
			runOnlyForDeploymentPostprocessing = 0;
		};
		E188732E2B154EE500CAFBD0 /* Resources */ = {
			isa = PBXResourcesBuildPhase;
			buildActionMask = 2147483647;
			files = (
			);
			runOnlyForDeploymentPostprocessing = 0;
		};
/* End PBXResourcesBuildPhase section */

/* Begin PBXSourcesBuildPhase section */
		E18873112B154EE100CAFBD0 /* Sources */ = {
			isa = PBXSourcesBuildPhase;
			buildActionMask = 2147483647;
			files = (
				E188731B2B154EE200CAFBD0 /* ContentView.swift in Sources */,
				E18873192B154EE200CAFBD0 /* herplistappApp.swift in Sources */,
			);
			runOnlyForDeploymentPostprocessing = 0;
		};
		E18873222B154EE500CAFBD0 /* Sources */ = {
			isa = PBXSourcesBuildPhase;
			buildActionMask = 2147483647;
			files = (
				E188732B2B154EE500CAFBD0 /* herplistappTests.swift in Sources */,
			);
			runOnlyForDeploymentPostprocessing = 0;
		};
		E188732C2B154EE500CAFBD0 /* Sources */ = {
			isa = PBXSourcesBuildPhase;
			buildActionMask = 2147483647;
			files = (
				E18873352B154EE500CAFBD0 /* herplistappUITests.swift in Sources */,
				E18873372B154EE500CAFBD0 /* herplistappUITestsLaunchTests.swift in Sources */,
			);
			runOnlyForDeploymentPostprocessing = 0;
		};
/* End PBXSourcesBuildPhase section */

/* Begin PBXTargetDependency section */
		E18873282B154EE500CAFBD0 /* PBXTargetDependency */ = {
			isa = PBXTargetDependency;
			target = E18873142B154EE100CAFBD0 /* herplistapp */;
			targetProxy = E18873272B154EE500CAFBD0 /* PBXContainerItemProxy */;
		};
		E18873322B154EE500CAFBD0 /* PBXTargetDependency */ = {
			isa = PBXTargetDependency;
			target = E18873142B154EE100CAFBD0 /* herplistapp */;
			targetProxy = E18873312B154EE500CAFBD0 /* PBXContainerItemProxy */;
		};
/* End PBXTargetDependency section */

/* Begin XCBuildConfiguration section */
		E18873382B154EE500CAFBD0 /* Debug */ = {
			isa = XCBuildConfiguration;
			buildSettings = {
				ALWAYS_SEARCH_USER_PATHS = NO;
				ASSETCATALOG_COMPILER_GENERATE_SWIFT_ASSET_SYMBOL_EXTENSIONS = YES;
				CLANG_ANALYZER_NONNULL = YES;
				CLANG_ANALYZER_NUMBER_OBJECT_CONVERSION = YES_AGGRESSIVE;
				CLANG_CXX_LANGUAGE_STANDARD = "gnu++20";
				CLANG_ENABLE_MODULES = YES;
				CLANG_ENABLE_OBJC_ARC = YES;
				CLANG_ENABLE_OBJC_WEAK = YES;
				CLANG_WARN_BLOCK_CAPTURE_AUTORELEASING = YES;
				CLANG_WARN_BOOL_CONVERSION = YES;
				CLANG_WARN_COMMA = YES;
				CLANG_WARN_CONSTANT_CONVERSION = YES;
				CLANG_WARN_DEPRECATED_OBJC_IMPLEMENTATIONS = YES;
				CLANG_WARN_DIRECT_OBJC_ISA_USAGE = YES_ERROR;
				CLANG_WARN_DOCUMENTATION_COMMENTS = YES;
				CLANG_WARN_EMPTY_BODY = YES;
				CLANG_WARN_ENUM_CONVERSION = YES;
				CLANG_WARN_INFINITE_RECURSION = YES;
				CLANG_WARN_INT_CONVERSION = YES;
				CLANG_WARN_NON_LITERAL_NULL_CONVERSION = YES;
				CLANG_WARN_OBJC_IMPLICIT_RETAIN_SELF = YES;
				CLANG_WARN_OBJC_LITERAL_CONVERSION = YES;
				CLANG_WARN_OBJC_ROOT_CLASS = YES_ERROR;
				CLANG_WARN_QUOTED_INCLUDE_IN_FRAMEWORK_HEADER = YES;
				CLANG_WARN_RANGE_LOOP_ANALYSIS = YES;
				CLANG_WARN_STRICT_PROTOTYPES = YES;
				CLANG_WARN_SUSPICIOUS_MOVE = YES;
				CLANG_WARN_UNGUARDED_AVAILABILITY = YES_AGGRESSIVE;
				CLANG_WARN_UNREACHABLE_CODE = YES;
				CLANG_WARN__DUPLICATE_METHOD_MATCH = YES;
				COPY_PHASE_STRIP = NO;
				DEBUG_INFORMATION_FORMAT = dwarf;
				ENABLE_STRICT_OBJC_MSGSEND = YES;
				ENABLE_TESTABILITY = YES;
				ENABLE_USER_SCRIPT_SANDBOXING = YES;
				GCC_C_LANGUAGE_STANDARD = gnu17;
				GCC_DYNAMIC_NO_PIC = NO;
				GCC_NO_COMMON_BLOCKS = YES;
				GCC_OPTIMIZATION_LEVEL = 0;
				GCC_PREPROCESSOR_DEFINITIONS = (
					"DEBUG=1",
					"$(inherited)",
				);
				GCC_WARN_64_TO_32_BIT_CONVERSION = YES;
				GCC_WARN_ABOUT_RETURN_TYPE = YES_ERROR;
				GCC_WARN_UNDECLARED_SELECTOR = YES;
				GCC_WARN_UNINITIALIZED_AUTOS = YES_AGGRESSIVE;
				GCC_WARN_UNUSED_FUNCTION = YES;
				GCC_WARN_UNUSED_VARIABLE = YES;
				LOCALIZATION_PREFERS_STRING_CATALOGS = YES;
				MTL_ENABLE_DEBUG_INFO = INCLUDE_SOURCE;
				MTL_FAST_MATH = YES;
				ONLY_ACTIVE_ARCH = YES;
				SWIFT_ACTIVE_COMPILATION_CONDITIONS = "DEBUG $(inherited)";
				SWIFT_OPTIMIZATION_LEVEL = "-Onone";
			};
			name = Debug;
		};
		E18873392B154EE500CAFBD0 /* Release */ = {
			isa = XCBuildConfiguration;
			buildSettings = {
				ALWAYS_SEARCH_USER_PATHS = NO;
				ASSETCATALOG_COMPILER_GENERATE_SWIFT_ASSET_SYMBOL_EXTENSIONS = YES;
				CLANG_ANALYZER_NONNULL = YES;
				CLANG_ANALYZER_NUMBER_OBJECT_CONVERSION = YES_AGGRESSIVE;
				CLANG_CXX_LANGUAGE_STANDARD = "gnu++20";
				CLANG_ENABLE_MODULES = YES;
				CLANG_ENABLE_OBJC_ARC = YES;
				CLANG_ENABLE_OBJC_WEAK = YES;
				CLANG_WARN_BLOCK_CAPTURE_AUTORELEASING = YES;
				CLANG_WARN_BOOL_CONVERSION = YES;
				CLANG_WARN_COMMA = YES;
				CLANG_WARN_CONSTANT_CONVERSION = YES;
				CLANG_WARN_DEPRECATED_OBJC_IMPLEMENTATIONS = YES;
				CLANG_WARN_DIRECT_OBJC_ISA_USAGE = YES_ERROR;
				CLANG_WARN_DOCUMENTATION_COMMENTS = YES;
				CLANG_WARN_EMPTY_BODY = YES;
				CLANG_WARN_ENUM_CONVERSION = YES;
				CLANG_WARN_INFINITE_RECURSION = YES;
				CLANG_WARN_INT_CONVERSION = YES;
				CLANG_WARN_NON_LITERAL_NULL_CONVERSION = YES;
				CLANG_WARN_OBJC_IMPLICIT_RETAIN_SELF = YES;
				CLANG_WARN_OBJC_LITERAL_CONVERSION = YES;
				CLANG_WARN_OBJC_ROOT_CLASS = YES_ERROR;
				CLANG_WARN_QUOTED_INCLUDE_IN_FRAMEWORK_HEADER = YES;
				CLANG_WARN_RANGE_LOOP_ANALYSIS = YES;
				CLANG_WARN_STRICT_PROTOTYPES = YES;
				CLANG_WARN_SUSPICIOUS_MOVE = YES;
				CLANG_WARN_UNGUARDED_AVAILABILITY = YES_AGGRESSIVE;
				CLANG_WARN_UNREACHABLE_CODE = YES;
				CLANG_WARN__DUPLICATE_METHOD_MATCH = YES;
				COPY_PHASE_STRIP = NO;
				DEBUG_INFORMATION_FORMAT = "dwarf-with-dsym";
				ENABLE_NS_ASSERTIONS = NO;
				ENABLE_STRICT_OBJC_MSGSEND = YES;
				ENABLE_USER_SCRIPT_SANDBOXING = YES;
				GCC_C_LANGUAGE_STANDARD = gnu17;
				GCC_NO_COMMON_BLOCKS = YES;
				GCC_WARN_64_TO_32_BIT_CONVERSION = YES;
				GCC_WARN_ABOUT_RETURN_TYPE = YES_ERROR;
				GCC_WARN_UNDECLARED_SELECTOR = YES;
				GCC_WARN_UNINITIALIZED_AUTOS = YES_AGGRESSIVE;
				GCC_WARN_UNUSED_FUNCTION = YES;
				GCC_WARN_UNUSED_VARIABLE = YES;
				LOCALIZATION_PREFERS_STRING_CATALOGS = YES;
				MTL_ENABLE_DEBUG_INFO = NO;
				MTL_FAST_MATH = YES;
				SWIFT_COMPILATION_MODE = wholemodule;
			};
			name = Release;
		};
		E188733B2B154EE500CAFBD0 /* Debug */ = {
			isa = XCBuildConfiguration;
			buildSettings = {
				ASSETCATALOG_COMPILER_APPICON_NAME = AppIcon;
				"ASSETCATALOG_COMPILER_APPICON_NAME[sdk=iphoneos*]" = AppIcon;
				ASSETCATALOG_COMPILER_GLOBAL_ACCENT_COLOR_NAME = AccentColor;
				ASSETCATALOG_COMPILER_INCLUDE_ALL_APPICON_ASSETS = YES;
				CODE_SIGN_ENTITLEMENTS = herplistapp/herplistapp.entitlements;
				CODE_SIGN_STYLE = Automatic;
				CURRENT_PROJECT_VERSION = 2;
				DEVELOPMENT_ASSET_PATHS = "\"herplistapp/Preview Content\"";
				DEVELOPMENT_TEAM = 7Q66RK6WBJ;
				ENABLE_HARDENED_RUNTIME = YES;
				ENABLE_PREVIEWS = YES;
				GENERATE_INFOPLIST_FILE = YES;
				INFOPLIST_KEY_CFBundleDisplayName = HerpList;
				INFOPLIST_KEY_LSApplicationCategoryType = "public.app-category.productivity";
				"INFOPLIST_KEY_UIApplicationSceneManifest_Generation[sdk=iphoneos*]" = YES;
				"INFOPLIST_KEY_UIApplicationSceneManifest_Generation[sdk=iphonesimulator*]" = YES;
				"INFOPLIST_KEY_UIApplicationSupportsIndirectInputEvents[sdk=iphoneos*]" = YES;
				"INFOPLIST_KEY_UIApplicationSupportsIndirectInputEvents[sdk=iphonesimulator*]" = YES;
				"INFOPLIST_KEY_UILaunchScreen_Generation[sdk=iphoneos*]" = YES;
				"INFOPLIST_KEY_UILaunchScreen_Generation[sdk=iphonesimulator*]" = YES;
				"INFOPLIST_KEY_UIStatusBarStyle[sdk=iphoneos*]" = UIStatusBarStyleDefault;
				"INFOPLIST_KEY_UIStatusBarStyle[sdk=iphonesimulator*]" = UIStatusBarStyleDefault;
				INFOPLIST_KEY_UISupportedInterfaceOrientations_iPad = "UIInterfaceOrientationPortrait UIInterfaceOrientationPortraitUpsideDown UIInterfaceOrientationLandscapeLeft UIInterfaceOrientationLandscapeRight";
				INFOPLIST_KEY_UISupportedInterfaceOrientations_iPhone = "UIInterfaceOrientationPortrait UIInterfaceOrientationLandscapeLeft UIInterfaceOrientationLandscapeRight";
				IPHONEOS_DEPLOYMENT_TARGET = 17.0;
				LD_RUNPATH_SEARCH_PATHS = "@executable_path/Frameworks";
				"LD_RUNPATH_SEARCH_PATHS[sdk=macosx*]" = "@executable_path/../Frameworks";
				MACOSX_DEPLOYMENT_TARGET = 13.5;
				MARKETING_VERSION = 1.0;
				PRODUCT_BUNDLE_IDENTIFIER = "com.herplist-app.herplistapp";
				PRODUCT_NAME = "$(TARGET_NAME)";
				SDKROOT = auto;
				SUPPORTED_PLATFORMS = "iphonesimulator iphoneos";
				SWIFT_EMIT_LOC_STRINGS = YES;
				SWIFT_VERSION = 5.0;
				TARGETED_DEVICE_FAMILY = "1,2";
			};
			name = Debug;
		};
		E188733C2B154EE500CAFBD0 /* Release */ = {
			isa = XCBuildConfiguration;
			buildSettings = {
				ASSETCATALOG_COMPILER_APPICON_NAME = AppIcon;
				ASSETCATALOG_COMPILER_GLOBAL_ACCENT_COLOR_NAME = AccentColor;
				ASSETCATALOG_COMPILER_INCLUDE_ALL_APPICON_ASSETS = YES;
				CODE_SIGN_ENTITLEMENTS = herplistapp/herplistapp.entitlements;
				CODE_SIGN_STYLE = Automatic;
				CURRENT_PROJECT_VERSION = 2;
				DEVELOPMENT_ASSET_PATHS = "\"herplistapp/Preview Content\"";
				DEVELOPMENT_TEAM = 7Q66RK6WBJ;
				ENABLE_HARDENED_RUNTIME = YES;
				ENABLE_PREVIEWS = YES;
				GENERATE_INFOPLIST_FILE = YES;
				INFOPLIST_KEY_CFBundleDisplayName = HerpList;
				INFOPLIST_KEY_LSApplicationCategoryType = "public.app-category.productivity";
				"INFOPLIST_KEY_UIApplicationSceneManifest_Generation[sdk=iphoneos*]" = YES;
				"INFOPLIST_KEY_UIApplicationSceneManifest_Generation[sdk=iphonesimulator*]" = YES;
				"INFOPLIST_KEY_UIApplicationSupportsIndirectInputEvents[sdk=iphoneos*]" = YES;
				"INFOPLIST_KEY_UIApplicationSupportsIndirectInputEvents[sdk=iphonesimulator*]" = YES;
				"INFOPLIST_KEY_UILaunchScreen_Generation[sdk=iphoneos*]" = YES;
				"INFOPLIST_KEY_UILaunchScreen_Generation[sdk=iphonesimulator*]" = YES;
				"INFOPLIST_KEY_UIStatusBarStyle[sdk=iphoneos*]" = UIStatusBarStyleDefault;
				"INFOPLIST_KEY_UIStatusBarStyle[sdk=iphonesimulator*]" = UIStatusBarStyleDefault;
				INFOPLIST_KEY_UISupportedInterfaceOrientations_iPad = "UIInterfaceOrientationPortrait UIInterfaceOrientationPortraitUpsideDown UIInterfaceOrientationLandscapeLeft UIInterfaceOrientationLandscapeRight";
				INFOPLIST_KEY_UISupportedInterfaceOrientations_iPhone = "UIInterfaceOrientationPortrait UIInterfaceOrientationLandscapeLeft UIInterfaceOrientationLandscapeRight";
				IPHONEOS_DEPLOYMENT_TARGET = 17.0;
				LD_RUNPATH_SEARCH_PATHS = "@executable_path/Frameworks";
				"LD_RUNPATH_SEARCH_PATHS[sdk=macosx*]" = "@executable_path/../Frameworks";
				MACOSX_DEPLOYMENT_TARGET = 13.5;
				MARKETING_VERSION = 1.0;
				PRODUCT_BUNDLE_IDENTIFIER = "com.herplist-app.herplistapp";
				PRODUCT_NAME = "$(TARGET_NAME)";
				SDKROOT = auto;
				SUPPORTED_PLATFORMS = "iphonesimulator iphoneos";
				SWIFT_EMIT_LOC_STRINGS = YES;
				SWIFT_VERSION = 5.0;
				TARGETED_DEVICE_FAMILY = "1,2";
			};
			name = Release;
		};
		E188733E2B154EE500CAFBD0 /* Debug */ = {
			isa = XCBuildConfiguration;
			buildSettings = {
				ALWAYS_EMBED_SWIFT_STANDARD_LIBRARIES = YES;
				BUNDLE_LOADER = "$(TEST_HOST)";
				CODE_SIGN_STYLE = Automatic;
				CURRENT_PROJECT_VERSION = 1;
				DEVELOPMENT_TEAM = 7Q66RK6WBJ;
				GENERATE_INFOPLIST_FILE = YES;
				IPHONEOS_DEPLOYMENT_TARGET = 17.0;
				MACOSX_DEPLOYMENT_TARGET = 13.5;
				MARKETING_VERSION = 1.0;
				PRODUCT_BUNDLE_IDENTIFIER = "com.herplist-app.herplistappTests";
				PRODUCT_NAME = "$(TARGET_NAME)";
				SDKROOT = auto;
				SUPPORTED_PLATFORMS = "iphoneos iphonesimulator macosx";
				SWIFT_EMIT_LOC_STRINGS = NO;
				SWIFT_VERSION = 5.0;
				TARGETED_DEVICE_FAMILY = "1,2";
				TEST_HOST = "$(BUILT_PRODUCTS_DIR)/herplistapp.app/$(BUNDLE_EXECUTABLE_FOLDER_PATH)/herplistapp";
			};
			name = Debug;
		};
		E188733F2B154EE500CAFBD0 /* Release */ = {
			isa = XCBuildConfiguration;
			buildSettings = {
				ALWAYS_EMBED_SWIFT_STANDARD_LIBRARIES = YES;
				BUNDLE_LOADER = "$(TEST_HOST)";
				CODE_SIGN_STYLE = Automatic;
				CURRENT_PROJECT_VERSION = 1;
				DEVELOPMENT_TEAM = 7Q66RK6WBJ;
				GENERATE_INFOPLIST_FILE = YES;
				IPHONEOS_DEPLOYMENT_TARGET = 17.0;
				MACOSX_DEPLOYMENT_TARGET = 13.5;
				MARKETING_VERSION = 1.0;
				PRODUCT_BUNDLE_IDENTIFIER = "com.herplist-app.herplistappTests";
				PRODUCT_NAME = "$(TARGET_NAME)";
				SDKROOT = auto;
				SUPPORTED_PLATFORMS = "iphoneos iphonesimulator macosx";
				SWIFT_EMIT_LOC_STRINGS = NO;
				SWIFT_VERSION = 5.0;
				TARGETED_DEVICE_FAMILY = "1,2";
				TEST_HOST = "$(BUILT_PRODUCTS_DIR)/herplistapp.app/$(BUNDLE_EXECUTABLE_FOLDER_PATH)/herplistapp";
			};
			name = Release;
		};
		E18873412B154EE500CAFBD0 /* Debug */ = {
			isa = XCBuildConfiguration;
			buildSettings = {
				ALWAYS_EMBED_SWIFT_STANDARD_LIBRARIES = YES;
				CODE_SIGN_STYLE = Automatic;
				CURRENT_PROJECT_VERSION = 1;
				DEVELOPMENT_TEAM = 7Q66RK6WBJ;
				GENERATE_INFOPLIST_FILE = YES;
				IPHONEOS_DEPLOYMENT_TARGET = 17.0;
				MACOSX_DEPLOYMENT_TARGET = 13.5;
				MARKETING_VERSION = 1.0;
				PRODUCT_BUNDLE_IDENTIFIER = "com.herplist-app.herplistappUITests";
				PRODUCT_NAME = "$(TARGET_NAME)";
				SDKROOT = auto;
				SUPPORTED_PLATFORMS = "iphoneos iphonesimulator macosx";
				SWIFT_EMIT_LOC_STRINGS = NO;
				SWIFT_VERSION = 5.0;
				TARGETED_DEVICE_FAMILY = "1,2";
				TEST_TARGET_NAME = herplistapp;
			};
			name = Debug;
		};
		E18873422B154EE500CAFBD0 /* Release */ = {
			isa = XCBuildConfiguration;
			buildSettings = {
				ALWAYS_EMBED_SWIFT_STANDARD_LIBRARIES = YES;
				CODE_SIGN_STYLE = Automatic;
				CURRENT_PROJECT_VERSION = 1;
				DEVELOPMENT_TEAM = 7Q66RK6WBJ;
				GENERATE_INFOPLIST_FILE = YES;
				IPHONEOS_DEPLOYMENT_TARGET = 17.0;
				MACOSX_DEPLOYMENT_TARGET = 13.5;
				MARKETING_VERSION = 1.0;
				PRODUCT_BUNDLE_IDENTIFIER = "com.herplist-app.herplistappUITests";
				PRODUCT_NAME = "$(TARGET_NAME)";
				SDKROOT = auto;
				SUPPORTED_PLATFORMS = "iphoneos iphonesimulator macosx";
				SWIFT_EMIT_LOC_STRINGS = NO;
				SWIFT_VERSION = 5.0;
				TARGETED_DEVICE_FAMILY = "1,2";
				TEST_TARGET_NAME = herplistapp;
			};
			name = Release;
		};
/* End XCBuildConfiguration section */

/* Begin XCConfigurationList section */
		E18873102B154EE100CAFBD0 /* Build configuration list for PBXProject "herplistapp" */ = {
			isa = XCConfigurationList;
			buildConfigurations = (
				E18873382B154EE500CAFBD0 /* Debug */,
				E18873392B154EE500CAFBD0 /* Release */,
			);
			defaultConfigurationIsVisible = 0;
			defaultConfigurationName = Release;
		};
		E188733A2B154EE500CAFBD0 /* Build configuration list for PBXNativeTarget "herplistapp" */ = {
			isa = XCConfigurationList;
			buildConfigurations = (
				E188733B2B154EE500CAFBD0 /* Debug */,
				E188733C2B154EE500CAFBD0 /* Release */,
			);
			defaultConfigurationIsVisible = 0;
			defaultConfigurationName = Release;
		};
		E188733D2B154EE500CAFBD0 /* Build configuration list for PBXNativeTarget "herplistappTests" */ = {
			isa = XCConfigurationList;
			buildConfigurations = (
				E188733E2B154EE500CAFBD0 /* Debug */,
				E188733F2B154EE500CAFBD0 /* Release */,
			);
			defaultConfigurationIsVisible = 0;
			defaultConfigurationName = Release;
		};
		E18873402B154EE500CAFBD0 /* Build configuration list for PBXNativeTarget "herplistappUITests" */ = {
			isa = XCConfigurationList;
			buildConfigurations = (
				E18873412B154EE500CAFBD0 /* Debug */,
				E18873422B154EE500CAFBD0 /* Release */,
			);
			defaultConfigurationIsVisible = 0;
			defaultConfigurationName = Release;
		};
/* End XCConfigurationList section */
	};
	rootObject = E188730D2B154EE100CAFBD0 /* Project object */;
}
